
Microsoft Visual Studio Solution File, Format Version 12.00
# Visual Studio Version 17
VisualStudioVersion = 17.2.32519.379
MinimumVisualStudioVersion = 10.0.40219.1
Project("{8BC9CEB8-8B4A-11D0-8D11-00A0C91BC942}") = "Proyecto_Parcial_I", "Proyecto_Parcial_I\Proyecto_Parcial_I.vcxproj", "{8CAB63D2-F618-496F-A6D4-31750F5F97AF}"
EndProject
Global
	GlobalSection(SolutionConfigurationPlatforms) = preSolution
		Debug|x64 = Debug|x64
		Debug|x86 = Debug|x86
		Release|x64 = Release|x64
		Release|x86 = Release|x86
	EndGlobalSection
	GlobalSection(ProjectConfigurationPlatforms) = postSolution
		{8CAB63D2-F618-496F-A6D4-31750F5F97AF}.Debug|x64.ActiveCfg = Debug|x64
		{8CAB63D2-F618-496F-A6D4-31750F5F97AF}.Debug|x64.Build.0 = Debug|x64
		{8CAB63D2-F618-496F-A6D4-31750F5F97AF}.Debug|x86.ActiveCfg = Debug|Win32
		{8CAB63D2-F618-496F-A6D4-31750F5F97AF}.Debug|x86.Build.0 = Debug|Win32
		{8CAB63D2-F618-496F-A6D4-31750F5F97AF}.Release|x64.ActiveCfg = Release|x64
		{8CAB63D2-F618-496F-A6D4-31750F5F97AF}.Release|x64.Build.0 = Release|x64
		{8CAB63D2-F618-496F-A6D4-31750F5F97AF}.Release|x86.ActiveCfg = Release|Win32
		{8CAB63D2-F618-496F-A6D4-31750F5F97AF}.Release|x86.Build.0 = Release|Win32
	EndGlobalSection
	GlobalSection(SolutionProperties) = preSolution
		HideSolutionNode = FALSE
	EndGlobalSection
	GlobalSection(ExtensibilityGlobals) = postSolution
		SolutionGuid = {93CCC022-792B-4EAB-8FD7-B78BA30CE961}
	EndGlobalSection
EndGlobal
